
Microsoft Visual Studio Solution File, Format Version 12.00
# Visual Studio Version 17
VisualStudioVersion = 17.5.33516.290
MinimumVisualStudioVersion = 10.0.40219.1
Project("{9A19103F-16F7-4668-BE54-9A1E7A4F7556}") = "RanSharp", "RanSharp\RanSharp.csproj", "{D0339B24-BB42-49B1-BAA6-E507007DC1E2}"
EndProject
Project("{9A19103F-16F7-4668-BE54-9A1E7A4F7556}") = "RanSharpConsoleTester", "RanSharpConsoleTester\RanSharpConsoleTester.csproj", "{F326F735-02E2-4706-BDE8-4286F2AB0E58}"
EndProject
Project("{7CF6DF6D-3B04-46F8-A40B-537D21BCA0B4}") = "RanSharpDocs", "RanSharpDocs\RanSharpDocs.shfbproj", "{E11A7D40-C7B4-40D5-9CDD-2F4068DA8D17}"
EndProject
Global
	GlobalSection(SolutionConfigurationPlatforms) = preSolution
		Debug|Any CPU = Debug|Any CPU
		Release|Any CPU = Release|Any CPU
	EndGlobalSection
	GlobalSection(ProjectConfigurationPlatforms) = postSolution
		{D0339B24-BB42-49B1-BAA6-E507007DC1E2}.Debug|Any CPU.ActiveCfg = Debug|Any CPU
		{D0339B24-BB42-49B1-BAA6-E507007DC1E2}.Debug|Any CPU.Build.0 = Debug|Any CPU
		{D0339B24-BB42-49B1-BAA6-E507007DC1E2}.Release|Any CPU.ActiveCfg = Release|Any CPU
		{D0339B24-BB42-49B1-BAA6-E507007DC1E2}.Release|Any CPU.Build.0 = Release|Any CPU
		{F326F735-02E2-4706-BDE8-4286F2AB0E58}.Debug|Any CPU.ActiveCfg = Debug|Any CPU
		{F326F735-02E2-4706-BDE8-4286F2AB0E58}.Debug|Any CPU.Build.0 = Debug|Any CPU
		{F326F735-02E2-4706-BDE8-4286F2AB0E58}.Release|Any CPU.ActiveCfg = Release|Any CPU
		{F326F735-02E2-4706-BDE8-4286F2AB0E58}.Release|Any CPU.Build.0 = Release|Any CPU
		{E11A7D40-C7B4-40D5-9CDD-2F4068DA8D17}.Debug|Any CPU.ActiveCfg = Debug|Any CPU
		{E11A7D40-C7B4-40D5-9CDD-2F4068DA8D17}.Debug|Any CPU.Build.0 = Debug|Any CPU
		{E11A7D40-C7B4-40D5-9CDD-2F4068DA8D17}.Release|Any CPU.ActiveCfg = Release|Any CPU
		{E11A7D40-C7B4-40D5-9CDD-2F4068DA8D17}.Release|Any CPU.Build.0 = Release|Any CPU
	EndGlobalSection
	GlobalSection(SolutionProperties) = preSolution
		HideSolutionNode = FALSE
	EndGlobalSection
	GlobalSection(ExtensibilityGlobals) = postSolution
		SolutionGuid = {AA49D689-BC0B-46B6-BCE1-083E9B80267B}
	EndGlobalSection
EndGlobal
